version = 1
revision = 3
requires-python = ">=3.12"

[[package]]
name = "annotated-doc"
version = "0.0.4"
source = { registry = "https://pypi.org/simple" }
sdist = { url = "https://files.pythonhosted.org/packages/57/ba/046ceea27344560984e26a590f90bc7f4a75b06701f653222458922b558c/annotated_doc-0.0.4.tar.gz", hash = "sha256:fbcda96e87e9c92ad167c2e53839e57503ecfda18804ea28102353485033faa4", size = 7288, upload-time = "2025-11-10T22:07:42.062Z" }
wheels = [
    { url = "https://files.pythonhosted.org/packages/1e/d3/26bf1008eb3d2daa8ef4cacc7f3bfdc11818d111f7e2d0201bc6e3b49d45/annotated_doc-0.0.4-py3-none-any.whl", hash = "sha256:571ac1dc6991c450b25a9c2d84a3705e2ae7a53467b5d111c24fa8baabbed320", size = 5303, upload-time = "2025-11-10T22:07:40.673Z" },
]

[[package]]
name = "backports-zstd"
version = "1.3.0"
source = { registry = "https://pypi.org/simple" }
sdist = { url = "https://files.pythonhosted.org/packages/f4/b1/36a5182ce1d8ef9ef32bff69037bd28b389bbdb66338f8069e61da7028cb/backports_zstd-1.3.0.tar.gz", hash = "sha256:e8b2d68e2812f5c9970cabc5e21da8b409b5ed04e79b4585dbffa33e9b45ebe2", size = 997138, upload-time = "2025-12-29T17:28:06.143Z" }
wheels = [
    { url = "https://files.pythonhosted.org/packages/72/d4/356da49d3053f4bc50e71a8535631b57bc9ca4e8c6d2442e073e0ab41c44/backports_zstd-1.3.0-cp312-cp312-macosx_10_13_x86_64.whl", hash = "sha256:f4a292e357f3046d18766ce06d990ccbab97411708d3acb934e63529c2ea7786", size = 435972, upload-time = "2025-12-29T17:26:18.752Z" },
    { url = "https://files.pythonhosted.org/packages/30/8f/dbe389e60c7e47af488520f31a4aa14028d66da5bf3c60d3044b571eb906/backports_zstd-1.3.0-cp312-cp312-macosx_11_0_arm64.whl", hash = "sha256:fb4c386f38323698991b38edcc9c091d46d4713f5df02a3b5c80a28b40e289ea", size = 362124, upload-time = "2025-12-29T17:26:19.995Z" },
    { url = "https://files.pythonhosted.org/packages/55/4b/173beafc99e99e7276ce008ef060b704471e75124c826bc5e2092815da37/backports_zstd-1.3.0-cp312-cp312-manylinux2010_i686.manylinux_2_12_i686.manylinux_2_28_i686.whl", hash = "sha256:f52523d2bdada29e653261abdc9cfcecd9e5500d305708b7e37caddb24909d4e", size = 506378, upload-time = "2025-12-29T17:26:21.855Z" },
    { url = "https://files.pythonhosted.org/packages/df/c8/3f12a411d9a99d262cdb37b521025eecc2aa7e4a93277be3f4f4889adb74/backports_zstd-1.3.0-cp312-cp312-manylinux2014_aarch64.manylinux_2_17_aarch64.manylinux_2_28_aarch64.whl", hash = "sha256:3321d00beaacbd647252a7f581c1e1cdbdbda2407f2addce4bfb10e8e404b7c7", size = 476201, upload-time = "2025-12-29T17:26:23.047Z" },
    { url = "https://files.pythonhosted.org/packages/43/dc/73c090e4a2d5671422512e1b6d276ca6ea0cc0c45ec4634789106adc0d66/backports_zstd-1.3.0-cp312-cp312-manylinux2014_ppc64le.manylinux_2_17_ppc64le.manylinux_2_28_ppc64le.whl", hash = "sha256:88f94d238ef36c639c0ae17cf41054ce103da9c4d399c6a778ce82690d9f4919", size = 581659, upload-time = "2025-12-29T17:26:24.189Z" },
    { url = "https://files.pythonhosted.org/packages/08/4f/11bfcef534aa2bf3f476f52130217b45337f334d8a287edb2e06744a6515/backports_zstd-1.3.0-cp312-cp312-manylinux2014_s390x.manylinux_2_17_s390x.manylinux_2_28_s390x.whl", hash = "sha256:97d8c78fe20c7442c810adccfd5e3ea6a4e6f4f1fa4c73da2bc083260ebead17", size = 640388, upload-time = "2025-12-29T17:26:25.47Z" },
    { url = "https://files.pythonhosted.org/packages/71/17/8faea426d4f49b63238bdfd9f211a9f01c862efe0d756d3abeb84265a4e2/backports_zstd-1.3.0-cp312-cp312-manylinux2014_x86_64.manylinux_2_17_x86_64.manylinux_2_28_x86_64.whl", hash = "sha256:eefda80c3dbfbd924f1c317e7b0543d39304ee645583cb58bae29e19f42948ed", size = 494173, upload-time = "2025-12-29T17:26:26.736Z" },
    { url = "https://files.pythonhosted.org/packages/ba/9d/901f19ac90f3cd999bdcfb6edb4d7b4dc383dfba537f06f533fc9ac4777b/backports_zstd-1.3.0-cp312-cp312-manylinux_2_34_riscv64.manylinux_2_39_riscv64.whl", hash = "sha256:2ab5d3b5a54a674f4f6367bb9e0914063f22cd102323876135e9cc7a8f14f17e", size = 568628, upload-time = "2025-12-29T17:26:28.12Z" },
    { url = "https://files.pythonhosted.org/packages/60/39/4d29788590c2465a570c2fae49dbff05741d1f0c8e4a0fb2c1c310f31804/backports_zstd-1.3.0-cp312-cp312-musllinux_1_2_aarch64.whl", hash = "sha256:7558fb0e8c8197c59a5f80c56bf8f56c3690c45fd62f14e9e2081661556e3e64", size = 482233, upload-time = "2025-12-29T17:26:29.399Z" },
    { url = "https://files.pythonhosted.org/packages/d9/4b/24c7c9e8ef384b19d515a7b1644a500ceb3da3baeff6d579687da1a0f62b/backports_zstd-1.3.0-cp312-cp312-musllinux_1_2_i686.whl", hash = "sha256:27744870e38f017159b9c0241ea51562f94c7fefcfa4c5190fb3ec4a65a7fc63", size = 509806, upload-time = "2025-12-29T17:26:30.605Z" },
    { url = "https://files.pythonhosted.org/packages/3f/7e/7ba1aeecf0b5859f1855c0e661b4559566b64000f0627698ebd9e83f2138/backports_zstd-1.3.0-cp312-cp312-musllinux_1_2_ppc64le.whl", hash = "sha256:b099750755bb74c280827c7d68de621da0f245189082ab48ff91bda0ec2db9df", size = 586037, upload-time = "2025-12-29T17:26:32.201Z" },
    { url = "https://files.pythonhosted.org/packages/4a/1a/18f0402b36b9cfb0aea010b5df900cfd42c214f37493561dba3abac90c4e/backports_zstd-1.3.0-cp312-cp312-musllinux_1_2_riscv64.whl", hash = "sha256:5434e86f2836d453ae3e19a2711449683b7e21e107686838d12a255ad256ca99", size = 566220, upload-time = "2025-12-29T17:26:33.5Z" },
    { url = "https://files.pythonhosted.org/packages/dc/d9/44c098ab31b948bbfd909ec4ae08e1e44c5025a2d846f62991a62ab3ebea/backports_zstd-1.3.0-cp312-cp312-musllinux_1_2_s390x.whl", hash = "sha256:407e451f64e2f357c9218f5be4e372bb6102d7ae88582d415262a9d0a4f9b625", size = 630847, upload-time = "2025-12-29T17:26:35.273Z" },
    { url = "https://files.pythonhosted.org/packages/30/33/e74cb2cfb162d2e9e00dad8bcdf53118ca7786cfd467925d6864732f79cc/backports_zstd-1.3.0-cp312-cp312-musllinux_1_2_x86_64.whl", hash = "sha256:58a071f3c198c781b2df801070290b7174e3ff61875454e9df93ab7ea9ea832b", size = 498665, upload-time = "2025-12-29T17:26:37.123Z" },
    { url = "https://files.pythonhosted.org/packages/a2/a9/67a24007c333ed22736d5cd79f1aa1d7209f09be772ff82a8fd724c1978e/backports_zstd-1.3.0-cp312-cp312-win32.whl", hash = "sha256:21a9a542ccc7958ddb51ae6e46d8ed25d585b54d0d52aaa1c8da431ea158046a", size = 288809, upload-time = "2025-12-29T17:26:38.373Z" },
    { url = "https://files.pythonhosted.org/packages/42/24/34b816118ea913debb2ea23e71ffd0fb2e2ac738064c4ac32e3fb62c18bb/backports_zstd-1.3.0-cp312-cp312-win_amd64.whl", hash = "sha256:89ea8281821123b071a06b30b80da8e4d8a2b40a4f57315a19850337a21297ac", size = 313815, upload-time = "2025-12-29T17:26:39.665Z" },
    { url = "https://files.pythonhosted.org/packages/4e/2f/babd02c9fc4ca35376ada7c291193a208165c7be2455f0f98bc1e1243f31/backports_zstd-1.3.0-cp312-cp312-win_arm64.whl", hash = "sha256:f6843ecb181480e423b02f60fe29e393cbc31a95fb532acdf0d3a2c87bd50ce3", size = 288927, upload-time = "2025-12-29T17:26:40.923Z" },
    { url = "https://files.pythonhosted.org/packages/0c/7d/53e8da5950cdfc5e8fe23efd5165ce2f4fed5222f9a3292e0cdb03dd8c0d/backports_zstd-1.3.0-cp313-cp313-macosx_10_13_x86_64.whl", hash = "sha256:e86e03e3661900955f01afed6c59cae9baa63574e3b66896d99b7de97eaffce9", size = 435463, upload-time = "2025-12-29T17:26:42.152Z" },
    { url = "https://files.pythonhosted.org/packages/da/78/f98e53870f7404071a41e3d04f2ff514302eeeb3279d931d02b220f437aa/backports_zstd-1.3.0-cp313-cp313-macosx_11_0_arm64.whl", hash = "sha256:41974dcacc9824c1effe1c8d2f9d762bcf47d265ca4581a3c63321c7b06c61f0", size = 361740, upload-time = "2025-12-29T17:26:43.377Z" },
    { url = "https://files.pythonhosted.org/packages/6d/ed/2c64706205a944c9c346d95c17f632d4e3468db3ce60efb6f5caa7c0dcae/backports_zstd-1.3.0-cp313-cp313-manylinux2010_i686.manylinux_2_12_i686.manylinux_2_28_i686.whl", hash = "sha256:3090a97738d6ce9545d3ca5446df43370928092a962cbc0153e5445a947e98ed", size = 505651, upload-time = "2025-12-29T17:26:44.495Z" },
    { url = "https://files.pythonhosted.org/packages/7b/7b/22998f691dc6e0c7e6fa81d611eb4b1f6a72fb27327f322366d4a7ca8fb3/backports_zstd-1.3.0-cp313-cp313-manylinux2014_aarch64.manylinux_2_17_aarch64.manylinux_2_28_aarch64.whl", hash = "sha256:ddc874638abf03ea1ff3b0525b4a26a8d0adf7cb46a448c3449f08e4abc276b3", size = 475859, upload-time = "2025-12-29T17:26:45.722Z" },
    { url = "https://files.pythonhosted.org/packages/0b/78/0cde898339a339530e5f932634872d2d64549969535447a48d3b98959e11/backports_zstd-1.3.0-cp313-cp313-manylinux2014_ppc64le.manylinux_2_17_ppc64le.manylinux_2_28_ppc64le.whl", hash = "sha256:db609e57b8ed88b3472930c87e93c08a4bbd5ffeb94608cd9c7c6f0ac0e166c6", size = 581339, upload-time = "2025-12-29T17:26:46.93Z" },
    { url = "https://files.pythonhosted.org/packages/e2/1d/e0973e0eebe678c12c146473af2c54cda8a3e63b179785ca1a20727ad69c/backports_zstd-1.3.0-cp313-cp313-manylinux2014_s390x.manylinux_2_17_s390x.manylinux_2_28_s390x.whl", hash = "sha256:5f13033a3dd95f323c067199f2e61b4589a7880188ef4ef356c7ffbdb78a9f11", size = 642182, upload-time = "2025-12-29T17:26:48.545Z" },
    { url = "https://files.pythonhosted.org/packages/82/a2/ac67e79e137eb98aead66c7162bafe3cffcb82ef9cdeb6367ec18d88fbce/backports_zstd-1.3.0-cp313-cp313-manylinux2014_x86_64.manylinux_2_17_x86_64.manylinux_2_28_x86_64.whl", hash = "sha256:9c4c7bcda5619a754726e7f5b391827f5efbe4bed8e62e9ec7490d42bff18aa6", size = 490807, upload-time = "2025-12-29T17:26:49.789Z" },
    { url = "https://files.pythonhosted.org/packages/0f/e9/3514b1d065801ae7dce05246e9389003ed8fb1d7c3d71f85aa07a80f41e6/backports_zstd-1.3.0-cp313-cp313-manylinux_2_34_riscv64.manylinux_2_39_riscv64.whl", hash = "sha256:884a94c40f27affe986f394f219a4fd3cbbd08e1cff2e028d29d467574cd266e", size = 566103, upload-time = "2025-12-29T17:26:51.062Z" },
    { url = "https://files.pythonhosted.org/packages/1b/03/10ddb54cbf032e5fe390c0776d3392611b1fc772d6c3cb5a9bcdff4f915f/backports_zstd-1.3.0-cp313-cp313-musllinux_1_2_aarch64.whl", hash = "sha256:497f5765126f11a5b3fd8fedfdae0166d1dd867e7179b8148370a3313d047197", size = 481614, upload-time = "2025-12-29T17:26:52.255Z" },
    { url = "https://files.pythonhosted.org/packages/5c/13/21efa7f94c41447f43aee1563b05fc540a235e61bce4597754f6c11c2e97/backports_zstd-1.3.0-cp313-cp313-musllinux_1_2_i686.whl", hash = "sha256:a6ff6769948bb29bba07e1c2e8582d5a9765192a366108e42d6581a458475881", size = 509207, upload-time = "2025-12-29T17:26:53.496Z" },
    { url = "https://files.pythonhosted.org/packages/de/e7/12da9256d9e49e71030f0ff75e9f7c258e76091a4eaf5b5f414409be6a57/backports_zstd-1.3.0-cp313-cp313-musllinux_1_2_ppc64le.whl", hash = "sha256:1623e5bff1acd9c8ef90d24fc548110f20df2d14432bfe5de59e76fc036824ef", size = 585765, upload-time = "2025-12-29T17:26:54.99Z" },
    { url = "https://files.pythonhosted.org/packages/24/bf/59ca9cb4e7be1e59331bb792e8ef1331828efe596b1a2f8cbbc4e3f70d75/backports_zstd-1.3.0-cp313-cp313-musllinux_1_2_riscv64.whl", hash = "sha256:622c28306dcc429c8f2057fc4421d5722b1f22968d299025b35d71b50cfd4e03", size = 563852, upload-time = "2025-12-29T17:26:56.371Z" },
    { url = "https://files.pythonhosted.org/packages/7c/ee/5a3eaed9a73bdf2c35dc0c7adc0616a99588e0de28f5ab52f3e0caaaa96f/backports_zstd-1.3.0-cp313-cp313-musllinux_1_2_s390x.whl", hash = "sha256:09a2785e410ed2e812cb39b684ef5eb55083a5897bfd0e6f5de3bbd2c6345f70", size = 632549, upload-time = "2025-12-29T17:26:57.598Z" },
    { url = "https://files.pythonhosted.org/packages/75/b9/c823633afc48a1ac56d6ad34289c8f51b0234685142531bfa8197ca91777/backports_zstd-1.3.0-cp313-cp313-musllinux_1_2_x86_64.whl", hash = "sha256:ade1f4127fdbe36a02f8067d75aa79c1ea1c8a306bf63c7b818bb7b530e1beaa", size = 495104, upload-time = "2025-12-29T17:26:58.826Z" },
    { url = "https://files.pythonhosted.org/packages/a3/8f/6f7030f18fa7307f87b0f57108a50a3a540b6350e2486d1739c0567629a3/backports_zstd-1.3.0-cp313-cp313-win32.whl", hash = "sha256:668e6fb1805b825cb7504c71436f7b28d4d792bb2663ee901ec9a2bb15804437", size = 288447, upload-time = "2025-12-29T17:27:00.036Z" },
    { url = "https://files.pythonhosted.org/packages/a2/82/b1df1bbbe4e6d3ffd364d0bcffdeb6c4361115c1eccd91238dbdd0c07fec/backports_zstd-1.3.0-cp313-cp313-win_amd64.whl", hash = "sha256:385bdadf0ea8fe6ba780a95e4c7d7f018db7bafdd630932f0f9f0fad05d608ff", size = 313664, upload-time = "2025-12-29T17:27:01.267Z" },
    { url = "https://files.pythonhosted.org/packages/45/0f/60918fe4d3f2881de8f4088d73be4837df9e4c6567594109d355a2d548b6/backports_zstd-1.3.0-cp313-cp313-win_arm64.whl", hash = "sha256:4321a8a367537224b3559fe7aeb8012b98aea2a60a737e59e51d86e2e856fe0a", size = 288678, upload-time = "2025-12-29T17:27:02.506Z" },
    { url = "https://files.pythonhosted.org/packages/a7/b9/35f423c0bcd85020d5e7be6ab8d7517843e3e4441071beb5c3bd8c5216cb/backports_zstd-1.3.0-cp313-cp313t-macosx_10_13_x86_64.whl", hash = "sha256:10057d66fa4f0a7d3f6419ffb84b4fe61088da572e3ac4446134a1c8089e4166", size = 436155, upload-time = "2025-12-29T17:27:03.859Z" },
    { url = "https://files.pythonhosted.org/packages/f6/14/e504daea24e8916f14ecbc223c354b558d8410cfc846606668ab91d96b38/backports_zstd-1.3.0-cp313-cp313t-macosx_11_0_arm64.whl", hash = "sha256:4abf29d706ba05f658ca0247eb55675bcc00e10f12bca15736e45b05f1f2d2dc", size = 362436, upload-time = "2025-12-29T17:27:05.076Z" },
    { url = "https://files.pythonhosted.org/packages/c4/f7/06e178dbab7edb88c2872aebd68b54137e07a169eba1aeedf614014f7036/backports_zstd-1.3.0-cp313-cp313t-manylinux2010_i686.manylinux_2_12_i686.manylinux_2_28_i686.whl", hash = "sha256:127b0d73c745b0684da3d95c31c0939570810dad8967dfe8231eea8f0e047b2f", size = 507600, upload-time = "2025-12-29T17:27:06.254Z" },
    { url = "https://files.pythonhosted.org/packages/3e/f1/2ce499b81c4389d6fa1eeea7e76f6e0bad48effdbb239da7cbcdaaf24b76/backports_zstd-1.3.0-cp313-cp313t-manylinux2014_aarch64.manylinux_2_17_aarch64.manylinux_2_28_aarch64.whl", hash = "sha256:0205ef809fb38bb5ca7f59fa03993596f918768b9378fb7fbd8a68889a6ce028", size = 475496, upload-time = "2025-12-29T17:27:07.939Z" },
    { url = "https://files.pythonhosted.org/packages/18/1e/c82a586f2866aabf3a601a521af3c58756d83d98b724fda200016ac5e7e2/backports_zstd-1.3.0-cp313-cp313t-manylinux2014_ppc64le.manylinux_2_17_ppc64le.manylinux_2_28_ppc64le.whl", hash = "sha256:1c389b667b0b07915781aa28beabf2481f11a6062a1a081873c4c443b98601a7", size = 580919, upload-time = "2025-12-29T17:27:09.1Z" },
    { url = "https://files.pythonhosted.org/packages/1b/a3/eb5d9b7c4cb69d1b8ccd011abe244ba6815693b70bed07ed4b77ddda4535/backports_zstd-1.3.0-cp313-cp313t-manylinux2014_s390x.manylinux_2_17_s390x.manylinux_2_28_s390x.whl", hash = "sha256:8e7ac5ef693d49d6fb35cd7bbb98c4762cfea94a8bd2bf2ab112027004f70b11", size = 639913, upload-time = "2025-12-29T17:27:10.433Z" },
    { url = "https://files.pythonhosted.org/packages/11/2c/7296b99df79d9f31174a99c81c1964a32de8996ce2b3068f5bc66b413615/backports_zstd-1.3.0-cp313-cp313t-manylinux2014_x86_64.manylinux_2_17_x86_64.manylinux_2_28_x86_64.whl", hash = "sha256:5d5543945aae2a76a850b23f283249424f535de6a622d6002957b7d971e6a36d", size = 494800, upload-time = "2025-12-29T17:27:11.59Z" },
    { url = "https://files.pythonhosted.org/packages/f9/fc/b8ae6e104ba72d20cd5f9dfd9baee36675e89c81d432434927967114f30f/backports_zstd-1.3.0-cp313-cp313t-manylinux_2_34_riscv64.manylinux_2_39_riscv64.whl", hash = "sha256:e38be15ebce82737deda2c9410c1f942f1df9da74121049243a009810432db75", size = 570396, upload-time = "2025-12-29T17:27:13.063Z" },
    { url = "https://files.pythonhosted.org/packages/30/56/60a7a9de7a5bc951ea1106358b413c95183c93480394f3abc541313c8679/backports_zstd-1.3.0-cp313-cp313t-musllinux_1_2_aarch64.whl", hash = "sha256:e3e3f58c76f4730607a4e0130d629173aa114ae72a5c8d3d5ad94e1bf51f18d8", size = 481980, upload-time = "2025-12-29T17:27:14.317Z" },
    { url = "https://files.pythonhosted.org/packages/4b/bb/93fc1e8e81b8ecba58b0e53a14f7b44375cf837db6354410998f0c4cb6ff/backports_zstd-1.3.0-cp313-cp313t-musllinux_1_2_i686.whl", hash = "sha256:b808bf889722d889b792f7894e19c1f904bb0e9092d8c0eb0787b939b08bad9a", size = 511358, upload-time = "2025-12-29T17:27:15.669Z" },
    { url = "https://files.pythonhosted.org/packages/ae/0f/b165c2a6080d22306975cd86ce97270208493f31a298867e343110570370/backports_zstd-1.3.0-cp313-cp313t-musllinux_1_2_ppc64le.whl", hash = "sha256:f7be27d56f2f715bcd252d0c65c232146d8e1e039c7e2835b8a3ad3dc88bc508", size = 585492, upload-time = "2025-12-29T17:27:16.986Z" },
    { url = "https://files.pythonhosted.org/packages/26/76/85b4bde76e982b24a7eb57a2fb9868807887bef4d2114a3654a6530a67ef/backports_zstd-1.3.0-cp313-cp313t-musllinux_1_2_riscv64.whl", hash = "sha256:cbe341c7fcc723893663a37175ba859328b907a4e6d2d40a4c26629cc55efb67", size = 568309, upload-time = "2025-12-29T17:27:18.28Z" },
    { url = "https://files.pythonhosted.org/packages/83/64/9490667827a320766fb883f358a7c19171fdc04f19ade156a8c341c36967/backports_zstd-1.3.0-cp313-cp313t-musllinux_1_2_s390x.whl", hash = "sha256:b4116a9e12dfcd834dd9132cf6a94657bf0d328cba5b295f26de26ea0ae1adc8", size = 630518, upload-time = "2025-12-29T17:27:19.525Z" },
    { url = "https://files.pythonhosted.org/packages/ea/43/258587233b728bbff457bdb0c52b3e08504c485a8642b3daeb0bdd5a76bc/backports_zstd-1.3.0-cp313-cp313t-musllinux_1_2_x86_64.whl", hash = "sha256:1049e804cc8754290b24dab383d4d6ed0b7f794ad8338813ddcb3907d15a89d0", size = 499429, upload-time = "2025-12-29T17:27:21.063Z" },
    { url = "https://files.pythonhosted.org/packages/32/04/cfab76878f360f124dbb533779e1e4603c801a0f5ada72ae5c742b7c4d7d/backports_zstd-1.3.0-cp313-cp313t-win32.whl", hash = "sha256:7d3f0f2499d2049ec53d2674c605a4b3052c217cc7ee49c05258046411685adc", size = 289389, upload-time = "2025-12-29T17:27:22.287Z" },
    { url = "https://files.pythonhosted.org/packages/cb/ff/dbcfb6c9c922ab6d98f3d321e7d0c7b34ecfa26f3ca71d930fe1ef639737/backports_zstd-1.3.0-cp313-cp313t-win_amd64.whl", hash = "sha256:eb2f8fab0b1ea05148394cb34a9e543a43477178765f2d6e7c84ed332e34935e", size = 314776, upload-time = "2025-12-29T17:27:23.458Z" },
    { url = "https://files.pythonhosted.org/packages/01/4b/82e4baae3117806639fe1c693b1f2f7e6133a7cefd1fa2e38018c8edcd68/backports_zstd-1.3.0-cp313-cp313t-win_arm64.whl", hash = "sha256:c66ad9eb5bfbe28c2387b7fc58ddcdecfb336d6e4e60bcba1694a906c1f21a6c", size = 289315, upload-time = "2025-12-29T17:27:24.601Z" },
]

[[package]]
name = "click"
version = "8.3.3"
source = { registry = "https://pypi.org/simple" }
dependencies = [
    { name = "colorama", marker = "sys_platform == 'win32'" },
]
sdist = { url = "https://files.pythonhosted.org/packages/bb/63/f9e1ea081ce35720d8b92acde70daaedace594dc93b693c869e0d5910718/click-8.3.3.tar.gz", hash = "sha256:398329ad4837b2ff7cbe1dd166a4c0f8900c3ca3a218de04466f38f6497f18a2", size = 328061, upload-time = "2026-04-22T15:11:27.506Z" }
wheels = [
    { url = "https://files.pythonhosted.org/packages/ae/44/c1221527f6a71a01ec6fbad7fa78f1d50dfa02217385cf0fa3eec7087d59/click-8.3.3-py3-none-any.whl", hash = "sha256:a2bf429bb3033c89fa4936ffb35d5cb471e3719e1f3c8a7c3fff0b8314305613", size = 110502, upload-time = "2026-04-22T15:11:25.044Z" },
]

[[package]]
name = "colorama"
version = "0.4.6"
source = { registry = "https://pypi.org/simple" }
sdist = { url = "https://files.pythonhosted.org/packages/d8/53/6f443c9a4a8358a93a6792e2acffb9d9d5cb0a5cfd8802644b7b1c9a02e4/colorama-0.4.6.tar.gz", hash = "sha256:08695f5cb7ed6e0531a20572697297273c47b8cae5a63ffc6d6ed5c201be6e44", size = 27697, upload-time = "2022-10-25T02:36:22.414Z" }
wheels = [
    { url = "https://files.pythonhosted.org/packages/d1/d6/3965ed04c63042e047cb6a3e6ed1a63a35087b6a609aa3a15ed8ac56c221/colorama-0.4.6-py2.py3-none-any.whl", hash = "sha256:4f1d9991f5acc0ca119f9d443620b77f9d6b33703e51011c16baf57afb285fc6", size = 25335, upload-time = "2022-10-25T02:36:20.889Z" },
]

[[package]]
name = "dit"
version = "0.1.0"
source = { editable = "." }
dependencies = [
    { name = "jcs" },
    { name = "pyzstd" },
    { name = "typer" },
]

[package.dev-dependencies]
dev = [
    { name = "pytest" },
    { name = "pytest-tmp-files" },
]

[package.metadata]
requires-dist = [
    { name = "jcs", specifier = ">=0.2" },
    { name = "pyzstd", specifier = ">=0.16" },
    { name = "typer", specifier = ">=0.15" },
]

[package.metadata.requires-dev]
dev = [
    { name = "pytest", specifier = ">=8" },
    { name = "pytest-tmp-files", specifier = ">=0.0.2" },
]

[[package]]
name = "iniconfig"
version = "2.3.0"
source = { registry = "https://pypi.org/simple" }
sdist = { url = "https://files.pythonhosted.org/packages/72/34/14ca021ce8e5dfedc35312d08ba8bf51fdd999c576889fc2c24cb97f4f10/iniconfig-2.3.0.tar.gz", hash = "sha256:c76315c77db068650d49c5b56314774a7804df16fee4402c1f19d6d15d8c4730", size = 20503, upload-time = "2025-10-18T21:55:43.219Z" }
wheels = [
    { url = "https://files.pythonhosted.org/packages/cb/b1/3846dd7f199d53cb17f49cba7e651e9ce294d8497c8c150530ed11865bb8/iniconfig-2.3.0-py3-none-any.whl", hash = "sha256:f631c04d2c48c52b84d0d0549c99ff3859c98df65b3101406327ecc7d53fbf12", size = 7484, upload-time = "2025-10-18T21:55:41.639Z" },
]

[[package]]
name = "jcs"
version = "0.2.1"
source = { registry = "https://pypi.org/simple" }
sdist = { url = "https://files.pythonhosted.org/packages/47/e5/9d547f0d42ba00f68eec773aa7b2145e0c0335eb632cbaf519f480a429af/jcs-0.2.1.tar.gz", hash = "sha256:9f20360b2f3b0a410d65493b448f96306d80e37fb46283f3f4aa5db2c7c1472b", size = 6886, upload-time = "2022-04-10T14:41:24.904Z" }
wheels = [
    { url = "https://files.pythonhosted.org/packages/c0/d4/9a99bc15266a842bd14a1913afdb05182888ebab035666c1ce8a64537ca2/jcs-0.2.1-py3-none-any.whl", hash = "sha256:e23a3e1de60f832d33cd811bb9c3b3be79219cdf95f63b88f0972732c3fa8476", size = 7603, upload-time = "2022-04-10T14:41:23.207Z" },
]

[[package]]
name = "markdown-it-py"
version = "4.0.0"
source = { registry = "https://pypi.org/simple" }
dependencies = [
    { name = "mdurl" },
]
sdist = { url = "https://files.pythonhosted.org/packages/5b/f5/4ec618ed16cc4f8fb3b701563655a69816155e79e24a17b651541804721d/markdown_it_py-4.0.0.tar.gz", hash = "sha256:cb0a2b4aa34f932c007117b194e945bd74e0ec24133ceb5bac59009cda1cb9f3", size = 73070, upload-time = "2025-08-11T12:57:52.854Z" }
wheels = [
    { url = "https://files.pythonhosted.org/packages/94/54/e7d793b573f298e1c9013b8c4dade17d481164aa517d1d7148619c2cedbf/markdown_it_py-4.0.0-py3-none-any.whl", hash = "sha256:87327c59b172c5011896038353a81343b6754500a08cd7a4973bb48c6d578147", size = 87321, upload-time = "2025-08-11T12:57:51.923Z" },
]

[[package]]
name = "mdurl"
version = "0.1.2"
source = { registry = "https://pypi.org/simple" }
sdist = { url = "https://files.pythonhosted.org/packages/d6/54/cfe61301667036ec958cb99bd3efefba235e65cdeb9c84d24a8293ba1d90/mdurl-0.1.2.tar.gz", hash = "sha256:bb413d29f5eea38f31dd4754dd7377d4465116fb207585f97bf925588687c1ba", size = 8729, upload-time = "2022-08-14T12:40:10.846Z" }
wheels = [
    { url = "https://files.pythonhosted.org/packages/b3/38/89ba8ad64ae25be8de66a6d463314cf1eb366222074cfda9ee839c56a4b4/mdurl-0.1.2-py3-none-any.whl", hash = "sha256:84008a41e51615a49fc9966191ff91509e3c40b939176e643fd50a5c2196b8f8", size = 9979, upload-time = "2022-08-14T12:40:09.779Z" },
]

[[package]]
name = "packaging"
version = "26.1"
source = { registry = "https://pypi.org/simple" }
sdist = { url = "https://files.pythonhosted.org/packages/df/de/0d2b39fb4af88a0258f3bac87dfcbb48e73fbdea4a2ed0e2213f9a4c2f9a/packaging-26.1.tar.gz", hash = "sha256:f042152b681c4bfac5cae2742a55e103d27ab2ec0f3d88037136b6bfe7c9c5de", size = 215519, upload-time = "2026-04-14T21:12:49.362Z" }
wheels = [
    { url = "https://files.pythonhosted.org/packages/7a/c2/920ef838e2f0028c8262f16101ec09ebd5969864e5a64c4c05fad0617c56/packaging-26.1-py3-none-any.whl", hash = "sha256:5d9c0669c6285e491e0ced2eee587eaf67b670d94a19e94e3984a481aba6802f", size = 95831, upload-time = "2026-04-14T21:12:47.56Z" },
]

[[package]]
name = "pluggy"
version = "1.6.0"
source = { registry = "https://pypi.org/simple" }
sdist = { url = "https://files.pythonhosted.org/packages/f9/e2/3e91f31a7d2b083fe6ef3fa267035b518369d9511ffab804f839851d2779/pluggy-1.6.0.tar.gz", hash = "sha256:7dcc130b76258d33b90f61b658791dede3486c3e6bfb003ee5c9bfb396dd22f3", size = 69412, upload-time = "2025-05-15T12:30:07.975Z" }
wheels = [
    { url = "https://files.pythonhosted.org/packages/54/20/4d324d65cc6d9205fabedc306948156824eb9f0ee1633355a8f7ec5c66bf/pluggy-1.6.0-py3-none-any.whl", hash = "sha256:e920276dd6813095e9377c0bc5566d94c932c33b27a3e3945d8389c374dd4746", size = 20538, upload-time = "2025-05-15T12:30:06.134Z" },
]

[[package]]
name = "pygments"
version = "2.20.0"
source = { registry = "https://pypi.org/simple" }
sdist = { url = "https://files.pythonhosted.org/packages/c3/b2/bc9c9196916376152d655522fdcebac55e66de6603a76a02bca1b6414f6c/pygments-2.20.0.tar.gz", hash = "sha256:6757cd03768053ff99f3039c1a36d6c0aa0b263438fcab17520b30a303a82b5f", size = 4955991, upload-time = "2026-03-29T13:29:33.898Z" }
wheels = [
    { url = "https://files.pythonhosted.org/packages/f4/7e/a72dd26f3b0f4f2bf1dd8923c85f7ceb43172af56d63c7383eb62b332364/pygments-2.20.0-py3-none-any.whl", hash = "sha256:81a9e26dd42fd28a23a2d169d86d7ac03b46e2f8b59ed4698fb4785f946d0176", size = 1231151, upload-time = "2026-03-29T13:29:30.038Z" },
]

[[package]]
name = "pytest"
version = "9.0.3"
source = { registry = "https://pypi.org/simple" }
dependencies = [
    { name = "colorama", marker = "sys_platform == 'win32'" },
    { name = "iniconfig" },
    { name = "packaging" },
    { name = "pluggy" },
    { name = "pygments" },
]
sdist = { url = "https://files.pythonhosted.org/packages/7d/0d/549bd94f1a0a402dc8cf64563a117c0f3765662e2e668477624baeec44d5/pytest-9.0.3.tar.gz", hash = "sha256:b86ada508af81d19edeb213c681b1d48246c1a91d304c6c81a427674c17eb91c", size = 1572165, upload-time = "2026-04-07T17:16:18.027Z" }
wheels = [
    { url = "https://files.pythonhosted.org/packages/d4/24/a372aaf5c9b7208e7112038812994107bc65a84cd00e0354a88c2c77a617/pytest-9.0.3-py3-none-any.whl", hash = "sha256:2c5efc453d45394fdd706ade797c0a81091eccd1d6e4bccfcd476e2b8e0ab5d9", size = 375249, upload-time = "2026-04-07T17:16:16.13Z" },
]

[[package]]
name = "pytest-tmp-files"
version = "0.0.2"
source = { registry = "https://pypi.org/simple" }
dependencies = [
    { name = "pytest" },
    { name = "python-dateutil" },
]
sdist = { url = "https://files.pythonhosted.org/packages/03/63/47b7aca34b6f496eea6525a44e773d72c8bdc5be5a63cc83734c94701267/pytest_tmp_files-0.0.2.tar.gz", hash = "sha256:9b2c98559d4d79c0f44b49d9010d65b2508a68c21312d51d50363f005e718666", size = 5728, upload-time = "2023-12-08T14:53:06.425Z" }
wheels = [
    { url = "https://files.pythonhosted.org/packages/5a/9d/572fccbc32e03334c6154cdcd6b0b0679e52ae3961d68074263b4aa2ac51/pytest_tmp_files-0.0.2-py3-none-any.whl", hash = "sha256:47ff5267063285c5388137c284fc46d26bbbf0331e6b2c68bc9815fe116d5a29", size = 6626, upload-time = "2023-12-08T14:53:03.324Z" },
]

[[package]]
name = "python-dateutil"
version = "2.9.0.post0"
source = { registry = "https://pypi.org/simple" }
dependencies = [
    { name = "six" },
]
sdist = { url = "https://files.pythonhosted.org/packages/66/c0/0c8b6ad9f17a802ee498c46e004a0eb49bc148f2fd230864601a86dcf6db/python-dateutil-2.9.0.post0.tar.gz", hash = "sha256:37dd54208da7e1cd875388217d5e00ebd4179249f90fb72437e91a35459a0ad3", size = 342432, upload-time = "2024-03-01T18:36:20.211Z" }
wheels = [
    { url = "https://files.pythonhosted.org/packages/ec/57/56b9bcc3c9c6a792fcbaf139543cee77261f3651ca9da0c93f5c1221264b/python_dateutil-2.9.0.post0-py2.py3-none-any.whl", hash = "sha256:a8b2bc7bffae282281c8140a97d3aa9c14da0b136dfe83f850eea9a5f7470427", size = 229892, upload-time = "2024-03-01T18:36:18.57Z" },
]

[[package]]
name = "pyzstd"
version = "0.19.1"
source = { registry = "https://pypi.org/simple" }
dependencies = [
    { name = "backports-zstd", marker = "python_full_version < '3.14'" },
    { name = "typing-extensions", marker = "python_full_version < '3.13'" },
]
sdist = { url = "https://files.pythonhosted.org/packages/4c/66/59fed71d0d2065e02974b40296f836a237c364c8bbe07295f2d0dc33c278/pyzstd-0.19.1.tar.gz", hash = "sha256:36723d3c915b3981de9198d0a2c82b2f5fe3eaa36e4d8d586937830a8afc7d72", size = 69531, upload-time = "2025-12-13T08:15:33.455Z" }
wheels = [
    { url = "https://files.pythonhosted.org/packages/4d/62/f55d1363512d1b1cc122af6ca5951008e42605b63675c7d6781affc7c475/pyzstd-0.19.1-py3-none-any.whl", hash = "sha256:267e2eb0de0291dfcb7ccfebc4ffe75b2f9d84e7007ac38844f6ccafc6dce081", size = 23779, upload-time = "2025-12-13T08:15:31.979Z" },
]

[[package]]
name = "rich"
version = "15.0.0"
source = { registry = "https://pypi.org/simple" }
dependencies = [
    { name = "markdown-it-py" },
    { name = "pygments" },
]
sdist = { url = "https://files.pythonhosted.org/packages/c0/8f/0722ca900cc807c13a6a0c696dacf35430f72e0ec571c4275d2371fca3e9/rich-15.0.0.tar.gz", hash = "sha256:edd07a4824c6b40189fb7ac9bc4c52536e9780fbbfbddf6f1e2502c31b068c36", size = 230680, upload-time = "2026-04-12T08:24:00.75Z" }
wheels = [
    { url = "https://files.pythonhosted.org/packages/82/3b/64d4899d73f91ba49a8c18a8ff3f0ea8f1c1d75481760df8c68ef5235bf5/rich-15.0.0-py3-none-any.whl", hash = "sha256:33bd4ef74232fb73fe9279a257718407f169c09b78a87ad3d296f548e27de0bb", size = 310654, upload-time = "2026-04-12T08:24:02.83Z" },
]

[[package]]
name = "shellingham"
version = "1.5.4"
source = { registry = "https://pypi.org/simple" }
sdist = { url = "https://files.pythonhosted.org/packages/58/15/8b3609fd3830ef7b27b655beb4b4e9c62313a4e8da8c676e142cc210d58e/shellingham-1.5.4.tar.gz", hash = "sha256:8dbca0739d487e5bd35ab3ca4b36e11c4078f3a234bfce294b0a0291363404de", size = 10310, upload-time = "2023-10-24T04:13:40.426Z" }
wheels = [
    { url = "https://files.pythonhosted.org/packages/e0/f9/0595336914c5619e5f28a1fb793285925a8cd4b432c9da0a987836c7f822/shellingham-1.5.4-py2.py3-none-any.whl", hash = "sha256:7ecfff8f2fd72616f7481040475a65b2bf8af90a56c89140852d1120324e8686", size = 9755, upload-time = "2023-10-24T04:13:38.866Z" },
]

[[package]]
name = "six"
version = "1.17.0"
source = { registry = "https://pypi.org/simple" }
sdist = { url = "https://files.pythonhosted.org/packages/94/e7/b2c673351809dca68a0e064b6af791aa332cf192da575fd474ed7d6f16a2/six-1.17.0.tar.gz", hash = "sha256:ff70335d468e7eb6ec65b95b99d3a2836546063f63acc5171de367e834932a81", size = 34031, upload-time = "2024-12-04T17:35:28.174Z" }
wheels = [
    { url = "https://files.pythonhosted.org/packages/b7/ce/149a00dd41f10bc29e5921b496af8b574d8413afcd5e30dfa0ed46c2cc5e/six-1.17.0-py2.py3-none-any.whl", hash = "sha256:4721f391ed90541fddacab5acf947aa0d3dc7d27b2e1e8eda2be8970586c3274", size = 11050, upload-time = "2024-12-04T17:35:26.475Z" },
]

[[package]]
name = "typer"
version = "0.24.2"
source = { registry = "https://pypi.org/simple" }
dependencies = [
    { name = "annotated-doc" },
    { name = "click" },
    { name = "rich" },
    { name = "shellingham" },
]
sdist = { url = "https://files.pythonhosted.org/packages/83/b8/9ebb531b6c2d377af08ac6746a5df3425b21853a5d2260876919b58a2a4a/typer-0.24.2.tar.gz", hash = "sha256:ec070dcfca1408e85ee203c6365001e818c3b7fffe686fd07ff2d68095ca0480", size = 119849, upload-time = "2026-04-22T17:45:34.413Z" }
wheels = [
    { url = "https://files.pythonhosted.org/packages/39/d1/9484b497e0a0410b901c12b8251c3e746e1e863f7d28419ffe06f7892fda/typer-0.24.2-py3-none-any.whl", hash = "sha256:b618bc3d721f9a8d30f3e05565be26416d06e9bcc29d49bc491dc26aba674fa8", size = 55977, upload-time = "2026-04-22T17:45:33.055Z" },
]

[[package]]
name = "typing-extensions"
version = "4.15.0"
source = { registry = "https://pypi.org/simple" }
sdist = { url = "https://files.pythonhosted.org/packages/72/94/1a15dd82efb362ac84269196e94cf00f187f7ed21c242792a923cdb1c61f/typing_extensions-4.15.0.tar.gz", hash = "sha256:0cea48d173cc12fa28ecabc3b837ea3cf6f38c6d1136f85cbaaf598984861466", size = 109391, upload-time = "2025-08-25T13:49:26.313Z" }
wheels = [
    { url = "https://files.pythonhosted.org/packages/18/67/36e9267722cc04a6b9f15c7f3441c2363321a3ea07da7ae0c0707beb2a9c/typing_extensions-4.15.0-py3-none-any.whl", hash = "sha256:f0fa19c6845758ab08074a0cfa8b7aecb71c999ca73d62883bc25cc018c4e548", size = 44614, upload-time = "2025-08-25T13:49:24.86Z" },
]
